{
  "projects": [
    {
      "projectId": "4jWTYLjMvWY8nrbq5gdDSU",
      "version": "latest",
      "dependencies": {},
      "lang": "ts",
      "fileLocks": [
        {
          "type": "globalVariant",
          "assetId": "1H-C4eWglKVBY",
          "checksum": "82be3d57e2614e0581a45f25037917df"
        },
        {
          "assetId": "4jWTYLjMvWY8nrbq5gdDSU",
          "type": "projectCss",
          "checksum": "e5a1b01f17dcaaf924d0ac2ac4af002c"
        },
        {
          "type": "renderModule",
          "assetId": "LU0WBGIqyVlJ",
          "checksum": "15c8b5d4beaca312c7b2a63ee7b4e2e5"
        },
        {
          "type": "cssRules",
          "assetId": "LU0WBGIqyVlJ",
          "checksum": "15c8b5d4beaca312c7b2a63ee7b4e2e5"
        }
      ],
      "codegenVersion": "0.0.1"
    }
  ],
  "cliVersion": "0.1.184"
}
