{
  "projects": [
    {
      "projectId": "4jWTYLjMvWY8nrbq5gdDSU",
      "version": "latest",
      "dependencies": {},
      "lang": "ts",
      "fileLocks": [
        {
          "type": "globalVariant",
          "assetId": "1H-C4eWglKVBY",
          "checksum": "82be3d57e2614e0581a45f25037917df"
        },
        {
          "type": "renderModule",
          "assetId": "LU0WBGIqyVlJ",
          "checksum": "8d6b87212211d09237ba5bbb06c3a95a"
        },
        {
          "type": "cssRules",
          "assetId": "LU0WBGIqyVlJ",
          "checksum": "8d6b87212211d09237ba5bbb06c3a95a"
        },
        {
          "assetId": "4jWTYLjMvWY8nrbq5gdDSU",
          "type": "projectCss",
          "checksum": "4583f66630229324826a3bd7bb949407"
        },
        {
          "type": "renderModule",
          "assetId": "FK45jwt1ZH",
          "checksum": "4899bce1191237a852728c5f85a2d650"
        },
        {
          "type": "cssRules",
          "assetId": "FK45jwt1ZH",
          "checksum": "4899bce1191237a852728c5f85a2d650"
        },
        {
          "type": "renderModule",
          "assetId": "7fe5zO4wma",
          "checksum": "35a8fa155a354d481b0e096b782afe8d"
        },
        {
          "type": "cssRules",
          "assetId": "7fe5zO4wma",
          "checksum": "35a8fa155a354d481b0e096b782afe8d"
        },
        {
          "type": "renderModule",
          "assetId": "2GCAE000MV",
          "checksum": "97bc1b62c91a896818ea7373ffdd0858"
        },
        {
          "type": "cssRules",
          "assetId": "2GCAE000MV",
          "checksum": "97bc1b62c91a896818ea7373ffdd0858"
        },
        {
          "type": "renderModule",
          "assetId": "kAPW_62_PI7",
          "checksum": "d91d15f3366288a53705c46befb7109a"
        },
        {
          "type": "cssRules",
          "assetId": "kAPW_62_PI7",
          "checksum": "d91d15f3366288a53705c46befb7109a"
        },
        {
          "type": "renderModule",
          "assetId": "fT0KcQ5nbI",
          "checksum": "7fd7dc7c2a84a7522537dda5cd511d92"
        },
        {
          "type": "cssRules",
          "assetId": "fT0KcQ5nbI",
          "checksum": "7fd7dc7c2a84a7522537dda5cd511d92"
        },
        {
          "type": "icon",
          "assetId": "dCxvUkLTj",
          "checksum": "b31ff046a246bd91518fb23939416d2a"
        },
        {
          "type": "icon",
          "assetId": "m9BjVVuvGT",
          "checksum": "b344d5a776dd6d58a931771032bd671f"
        },
        {
          "type": "icon",
          "assetId": "xlVQjxaBcp",
          "checksum": "39343261a5eb4fe8807658e70452efb5"
        },
        {
          "type": "icon",
          "assetId": "vkVDj8IIBT",
          "checksum": "cecb012524c5f77752651075d9091208"
        },
        {
          "type": "icon",
          "assetId": "3p0QxfTZAu",
          "checksum": "5fb3fdfe73b32a7be18abe2f238075b4"
        },
        {
          "type": "icon",
          "assetId": "-5UIB6YQyU",
          "checksum": "30d0ede05808ee2e1f151738b7d398d4"
        },
        {
          "type": "icon",
          "assetId": "T94DyHkG3H",
          "checksum": "2dc4b24507ccc13b66e451e2cb8fc3b2"
        },
        {
          "type": "icon",
          "assetId": "GPXecRDOMe",
          "checksum": "b4f290323e50565f87c93a89fb1483e9"
        },
        {
          "type": "icon",
          "assetId": "HDSB2xlG2j",
          "checksum": "e68b1e20b2986a69bb1e5ba0fc44d6e1"
        },
        {
          "type": "icon",
          "assetId": "lhSCFW6snMj",
          "checksum": "1be4220789cac6393cdc55bb74197712"
        },
        {
          "type": "icon",
          "assetId": "YGJVxtt_h8v",
          "checksum": "d0798bfb62f3f1c40ba5c95da4a17135"
        },
        {
          "type": "icon",
          "assetId": "0WhgJP_tGP3",
          "checksum": "de03ed42f2214d8fe320b6cb494be6ac"
        },
        {
          "type": "icon",
          "assetId": "rWj1gghU91T",
          "checksum": "92b6790a1b0bcc33e37c64a5ca70f01f"
        },
        {
          "type": "icon",
          "assetId": "7gYF74vjhXi",
          "checksum": "37fd8f3dc2127a234aa4ace2175a137b"
        },
        {
          "type": "icon",
          "assetId": "DTyOr--YlrO",
          "checksum": "5947b1ebd477278cef65d009da24d6d5"
        },
        {
          "type": "image",
          "assetId": "AEf_qg3Zbk",
          "checksum": "fb72dfd4618654582fcdd5b393be2de6"
        },
        {
          "type": "image",
          "assetId": "w58xQZnPuE",
          "checksum": "93c67f01722de533ca54bf489013c0ec"
        },
        {
          "type": "image",
          "assetId": "V0P3ak_iAd",
          "checksum": "b5fb90d4419d2ca22316f89b99f0175a"
        },
        {
          "type": "image",
          "assetId": "0KUYJBOT9u",
          "checksum": "22fae08e20fcf408f1639b04f335dcbe"
        },
        {
          "type": "image",
          "assetId": "l7zn2HGbBmd",
          "checksum": "4094e8fce9f96fb8a04892fe7ee31bc8"
        },
        {
          "type": "image",
          "assetId": "v2lI_ZAMkJd",
          "checksum": "a2ecf3e2964e36f530d4229f1946ed7d"
        },
        {
          "type": "image",
          "assetId": "nWAv_npNPCw",
          "checksum": "3d2afe0718b064269e0d2a4949d44b85"
        }
      ],
      "codegenVersion": "0.0.1"
    }
  ],
  "cliVersion": "0.1.184"
}
